// !$*UTF8*$!
{
	archiveVersion = 1;
	classes = {
	};
	objectVersion = 46;
	objects = {

/* Begin PBXBuildFile section */
		76A402421D957F760052FF46 /* main.m in Sources */ = {isa = PBXBuildFile; fileRef = 76A402411D957F760052FF46 /* main.m */; };
		76A402451D957F760052FF46 /* AppDelegate.m in Sources */ = {isa = PBXBuildFile; fileRef = 76A402441D957F760052FF46 /* AppDelegate.m */; };
		76A402481D957F760052FF46 /* ViewController.m in Sources */ = {isa = PBXBuildFile; fileRef = 76A402471D957F760052FF46 /* ViewController.m */; };
		76A4024D1D957F760052FF46 /* Assets.xcassets in Resources */ = {isa = PBXBuildFile; fileRef = 76A4024C1D957F760052FF46 /* Assets.xcassets */; };
		76A402801D9585EA0052FF46 /* 占位.rtf in Resources */ = {isa = PBXBuildFile; fileRef = 76A402591D9585EA0052FF46 /* 占位.rtf */; };
		76A402811D9585EA0052FF46 /* AddressAddController.m in Sources */ = {isa = PBXBuildFile; fileRef = 76A4025C1D9585EA0052FF46 /* AddressAddController.m */; };
		76A402821D9585EA0052FF46 /* AddressAddTableController.m in Sources */ = {isa = PBXBuildFile; fileRef = 76A4025E1D9585EA0052FF46 /* AddressAddTableController.m */; };
		76A402831D9585EA0052FF46 /* AddressController.m in Sources */ = {isa = PBXBuildFile; fileRef = 76A402601D9585EA0052FF46 /* AddressController.m */; };
		76A402841D9585EA0052FF46 /* AddressEditTableController.m in Sources */ = {isa = PBXBuildFile; fileRef = 76A402621D9585EA0052FF46 /* AddressEditTableController.m */; };
		76A402851D9585EA0052FF46 /* AddressTableController.m in Sources */ = {isa = PBXBuildFile; fileRef = 76A402641D9585EA0052FF46 /* AddressTableController.m */; };
		76A402861D9585EA0052FF46 /* 占位.rtf in Resources */ = {isa = PBXBuildFile; fileRef = 76A402651D9585EA0052FF46 /* 占位.rtf */; };
		76A402871D9585EA0052FF46 /* AddressTableCellModel.m in Sources */ = {isa = PBXBuildFile; fileRef = 76A402681D9585EA0052FF46 /* AddressTableCellModel.m */; };
		76A402881D9585EA0052FF46 /* 占位.rtf in Resources */ = {isa = PBXBuildFile; fileRef = 76A402691D9585EA0052FF46 /* 占位.rtf */; };
		76A402891D9585EA0052FF46 /* userAddress.plist in Resources */ = {isa = PBXBuildFile; fileRef = 76A4026B1D9585EA0052FF46 /* userAddress.plist */; };
		76A4028A1D9585EA0052FF46 /* Contents.json in Resources */ = {isa = PBXBuildFile; fileRef = 76A4026D1D9585EA0052FF46 /* Contents.json */; };
		76A4028B1D9585EA0052FF46 /* v2_coupon_verify_normal@2x.png in Resources */ = {isa = PBXBuildFile; fileRef = 76A4026E1D9585EA0052FF46 /* v2_coupon_verify_normal@2x.png */; };
		76A4028C1D9585EA0052FF46 /* Contents.json in Resources */ = {isa = PBXBuildFile; fileRef = 76A402701D9585EA0052FF46 /* Contents.json */; };
		76A4028D1D9585EA0052FF46 /* v2_coupon_verify_selected@2x.png in Resources */ = {isa = PBXBuildFile; fileRef = 76A402711D9585EA0052FF46 /* v2_coupon_verify_selected@2x.png */; };
		76A4028E1D9585EA0052FF46 /* 占位.rtf in Resources */ = {isa = PBXBuildFile; fileRef = 76A402721D9585EA0052FF46 /* 占位.rtf */; };
		76A4028F1D9585EA0052FF46 /* AddressEditDeleteTableCell.m in Sources */ = {isa = PBXBuildFile; fileRef = 76A402751D9585EA0052FF46 /* AddressEditDeleteTableCell.m */; };
		76A402901D9585EA0052FF46 /* AddressEditNormalTableCell.m in Sources */ = {isa = PBXBuildFile; fileRef = 76A402771D9585EA0052FF46 /* AddressEditNormalTableCell.m */; };
		76A402911D9585EA0052FF46 /* AddressEditNormalTableCell.xib in Resources */ = {isa = PBXBuildFile; fileRef = 76A402781D9585EA0052FF46 /* AddressEditNormalTableCell.xib */; };
		76A402921D9585EA0052FF46 /* AddressEditSelectTableCell.m in Sources */ = {isa = PBXBuildFile; fileRef = 76A4027A1D9585EA0052FF46 /* AddressEditSelectTableCell.m */; };
		76A402931D9585EA0052FF46 /* AddressEditSelectTableCell.xib in Resources */ = {isa = PBXBuildFile; fileRef = 76A4027B1D9585EA0052FF46 /* AddressEditSelectTableCell.xib */; };
		76A402941D9585EA0052FF46 /* AddressTableCell.m in Sources */ = {isa = PBXBuildFile; fileRef = 76A4027D1D9585EA0052FF46 /* AddressTableCell.m */; };
		76A402951D9585EA0052FF46 /* AddressTableCell.xib in Resources */ = {isa = PBXBuildFile; fileRef = 76A4027E1D9585EA0052FF46 /* AddressTableCell.xib */; };
		76A402961D9585EA0052FF46 /* 占位.rtf in Resources */ = {isa = PBXBuildFile; fileRef = 76A4027F1D9585EA0052FF46 /* 占位.rtf */; };
		76A402B21D9587040052FF46 /* Info.plist in Resources */ = {isa = PBXBuildFile; fileRef = 76A402981D9587040052FF46 /* Info.plist */; };
		76A402B31D9587040052FF46 /* MASCompositeConstraint.m in Sources */ = {isa = PBXBuildFile; fileRef = 76A4029A1D9587040052FF46 /* MASCompositeConstraint.m */; };
		76A402B41D9587040052FF46 /* MASConstraint.m in Sources */ = {isa = PBXBuildFile; fileRef = 76A4029D1D9587040052FF46 /* MASConstraint.m */; };
		76A402B51D9587040052FF46 /* MASConstraintMaker.m in Sources */ = {isa = PBXBuildFile; fileRef = 76A4029F1D9587040052FF46 /* MASConstraintMaker.m */; };
		76A402B61D9587040052FF46 /* MASLayoutConstraint.m in Sources */ = {isa = PBXBuildFile; fileRef = 76A402A11D9587040052FF46 /* MASLayoutConstraint.m */; };
		76A402B71D9587040052FF46 /* MASViewAttribute.m in Sources */ = {isa = PBXBuildFile; fileRef = 76A402A51D9587040052FF46 /* MASViewAttribute.m */; };
		76A402B81D9587040052FF46 /* MASViewConstraint.m in Sources */ = {isa = PBXBuildFile; fileRef = 76A402A71D9587040052FF46 /* MASViewConstraint.m */; };
		76A402B91D9587040052FF46 /* NSArray+MASAdditions.m in Sources */ = {isa = PBXBuildFile; fileRef = 76A402A91D9587040052FF46 /* NSArray+MASAdditions.m */; };
		76A402BA1D9587040052FF46 /* NSLayoutConstraint+MASDebugAdditions.m in Sources */ = {isa = PBXBuildFile; fileRef = 76A402AC1D9587040052FF46 /* NSLayoutConstraint+MASDebugAdditions.m */; };
		76A402BB1D9587040052FF46 /* View+MASAdditions.m in Sources */ = {isa = PBXBuildFile; fileRef = 76A402AE1D9587040052FF46 /* View+MASAdditions.m */; };
		76A402BC1D9587040052FF46 /* ViewController+MASAdditions.m in Sources */ = {isa = PBXBuildFile; fileRef = 76A402B11D9587040052FF46 /* ViewController+MASAdditions.m */; };
/* End PBXBuildFile section */

/* Begin PBXFileReference section */
		76A4023D1D957F760052FF46 /* textField-pickerView.app */ = {isa = PBXFileReference; explicitFileType = wrapper.application; includeInIndex = 0; path = "textField-pickerView.app"; sourceTree = BUILT_PRODUCTS_DIR; };
		76A402411D957F760052FF46 /* main.m */ = {isa = PBXFileReference; lastKnownFileType = sourcecode.c.objc; path = main.m; sourceTree = "<group>"; };
		76A402431D957F760052FF46 /* AppDelegate.h */ = {isa = PBXFileReference; lastKnownFileType = sourcecode.c.h; path = AppDelegate.h; sourceTree = "<group>"; };
		76A402441D957F760052FF46 /* AppDelegate.m */ = {isa = PBXFileReference; lastKnownFileType = sourcecode.c.objc; path = AppDelegate.m; sourceTree = "<group>"; };
		76A402461D957F760052FF46 /* ViewController.h */ = {isa = PBXFileReference; lastKnownFileType = sourcecode.c.h; path = ViewController.h; sourceTree = "<group>"; };
		76A402471D957F760052FF46 /* ViewController.m */ = {isa = PBXFileReference; lastKnownFileType = sourcecode.c.objc; path = ViewController.m; sourceTree = "<group>"; };
		76A4024C1D957F760052FF46 /* Assets.xcassets */ = {isa = PBXFileReference; lastKnownFileType = folder.assetcatalog; path = Assets.xcassets; sourceTree = "<group>"; };
		76A402511D957F760052FF46 /* Info.plist */ = {isa = PBXFileReference; lastKnownFileType = text.plist.xml; path = Info.plist; sourceTree = "<group>"; };
		76A402591D9585EA0052FF46 /* 占位.rtf */ = {isa = PBXFileReference; fileEncoding = 4; lastKnownFileType = text.rtf; path = "占位.rtf"; sourceTree = "<group>"; };
		76A4025B1D9585EA0052FF46 /* AddressAddController.h */ = {isa = PBXFileReference; fileEncoding = 4; lastKnownFileType = sourcecode.c.h; path = AddressAddController.h; sourceTree = "<group>"; };
		76A4025C1D9585EA0052FF46 /* AddressAddController.m */ = {isa = PBXFileReference; fileEncoding = 4; lastKnownFileType = sourcecode.c.objc; path = AddressAddController.m; sourceTree = "<group>"; };
		76A4025D1D9585EA0052FF46 /* AddressAddTableController.h */ = {isa = PBXFileReference; fileEncoding = 4; lastKnownFileType = sourcecode.c.h; path = AddressAddTableController.h; sourceTree = "<group>"; };
		76A4025E1D9585EA0052FF46 /* AddressAddTableController.m */ = {isa = PBXFileReference; fileEncoding = 4; lastKnownFileType = sourcecode.c.objc; path = AddressAddTableController.m; sourceTree = "<group>"; };
		76A4025F1D9585EA0052FF46 /* AddressController.h */ = {isa = PBXFileReference; fileEncoding = 4; lastKnownFileType = sourcecode.c.h; path = AddressController.h; sourceTree = "<group>"; };
		76A402601D9585EA0052FF46 /* AddressController.m */ = {isa = PBXFileReference; fileEncoding = 4; lastKnownFileType = sourcecode.c.objc; path = AddressController.m; sourceTree = "<group>"; };
		76A402611D9585EA0052FF46 /* AddressEditTableController.h */ = {isa = PBXFileReference; fileEncoding = 4; lastKnownFileType = sourcecode.c.h; path = AddressEditTableController.h; sourceTree = "<group>"; };
		76A402621D9585EA0052FF46 /* AddressEditTableController.m */ = {isa = PBXFileReference; fileEncoding = 4; lastKnownFileType = sourcecode.c.objc; path = AddressEditTableController.m; sourceTree = "<group>"; };
		76A402631D9585EA0052FF46 /* AddressTableController.h */ = {isa = PBXFileReference; fileEncoding = 4; lastKnownFileType = sourcecode.c.h; path = AddressTableController.h; sourceTree = "<group>"; };
		76A402641D9585EA0052FF46 /* AddressTableController.m */ = {isa = PBXFileReference; fileEncoding = 4; lastKnownFileType = sourcecode.c.objc; path = AddressTableController.m; sourceTree = "<group>"; };
		76A402651D9585EA0052FF46 /* 占位.rtf */ = {isa = PBXFileReference; fileEncoding = 4; lastKnownFileType = text.rtf; path = "占位.rtf"; sourceTree = "<group>"; };
		76A402671D9585EA0052FF46 /* AddressTableCellModel.h */ = {isa = PBXFileReference; fileEncoding = 4; lastKnownFileType = sourcecode.c.h; path = AddressTableCellModel.h; sourceTree = "<group>"; };
		76A402681D9585EA0052FF46 /* AddressTableCellModel.m */ = {isa = PBXFileReference; fileEncoding = 4; lastKnownFileType = sourcecode.c.objc; path = AddressTableCellModel.m; sourceTree = "<group>"; };
		76A402691D9585EA0052FF46 /* 占位.rtf */ = {isa = PBXFileReference; fileEncoding = 4; lastKnownFileType = text.rtf; path = "占位.rtf"; sourceTree = "<group>"; };
		76A4026B1D9585EA0052FF46 /* userAddress.plist */ = {isa = PBXFileReference; fileEncoding = 4; lastKnownFileType = text.plist.xml; path = userAddress.plist; sourceTree = "<group>"; };
		76A4026D1D9585EA0052FF46 /* Contents.json */ = {isa = PBXFileReference; fileEncoding = 4; lastKnownFileType = text.json; path = Contents.json; sourceTree = "<group>"; };
		76A4026E1D9585EA0052FF46 /* v2_coupon_verify_normal@2x.png */ = {isa = PBXFileReference; lastKnownFileType = image.png; path = "v2_coupon_verify_normal@2x.png"; sourceTree = "<group>"; };
		76A402701D9585EA0052FF46 /* Contents.json */ = {isa = PBXFileReference; fileEncoding = 4; lastKnownFileType = text.json; path = Contents.json; sourceTree = "<group>"; };
		76A402711D9585EA0052FF46 /* v2_coupon_verify_selected@2x.png */ = {isa = PBXFileReference; lastKnownFileType = image.png; path = "v2_coupon_verify_selected@2x.png"; sourceTree = "<group>"; };
		76A402721D9585EA0052FF46 /* 占位.rtf */ = {isa = PBXFileReference; fileEncoding = 4; lastKnownFileType = text.rtf; path = "占位.rtf"; sourceTree = "<group>"; };
		76A402741D9585EA0052FF46 /* AddressEditDeleteTableCell.h */ = {isa = PBXFileReference; fileEncoding = 4; lastKnownFileType = sourcecode.c.h; path = AddressEditDeleteTableCell.h; sourceTree = "<group>"; };
		76A402751D9585EA0052FF46 /* AddressEditDeleteTableCell.m */ = {isa = PBXFileReference; fileEncoding = 4; lastKnownFileType = sourcecode.c.objc; path = AddressEditDeleteTableCell.m; sourceTree = "<group>"; };
		76A402761D9585EA0052FF46 /* AddressEditNormalTableCell.h */ = {isa = PBXFileReference; fileEncoding = 4; lastKnownFileType = sourcecode.c.h; path = AddressEditNormalTableCell.h; sourceTree = "<group>"; };
		76A402771D9585EA0052FF46 /* AddressEditNormalTableCell.m */ = {isa = PBXFileReference; fileEncoding = 4; lastKnownFileType = sourcecode.c.objc; path = AddressEditNormalTableCell.m; sourceTree = "<group>"; };
		76A402781D9585EA0052FF46 /* AddressEditNormalTableCell.xib */ = {isa = PBXFileReference; fileEncoding = 4; lastKnownFileType = file.xib; path = AddressEditNormalTableCell.xib; sourceTree = "<group>"; };
		76A402791D9585EA0052FF46 /* AddressEditSelectTableCell.h */ = {isa = PBXFileReference; fileEncoding = 4; lastKnownFileType = sourcecode.c.h; path = AddressEditSelectTableCell.h; sourceTree = "<group>"; };
		76A4027A1D9585EA0052FF46 /* AddressEditSelectTableCell.m */ = {isa = PBXFileReference; fileEncoding = 4; lastKnownFileType = sourcecode.c.objc; path = AddressEditSelectTableCell.m; sourceTree = "<group>"; };
		76A4027B1D9585EA0052FF46 /* AddressEditSelectTableCell.xib */ = {isa = PBXFileReference; fileEncoding = 4; lastKnownFileType = file.xib; path = AddressEditSelectTableCell.xib; sourceTree = "<group>"; };
		76A4027C1D9585EA0052FF46 /* AddressTableCell.h */ = {isa = PBXFileReference; fileEncoding = 4; lastKnownFileType = sourcecode.c.h; path = AddressTableCell.h; sourceTree = "<group>"; };
		76A4027D1D9585EA0052FF46 /* AddressTableCell.m */ = {isa = PBXFileReference; fileEncoding = 4; lastKnownFileType = sourcecode.c.objc; path = AddressTableCell.m; sourceTree = "<group>"; };
		76A4027E1D9585EA0052FF46 /* AddressTableCell.xib */ = {isa = PBXFileReference; fileEncoding = 4; lastKnownFileType = file.xib; path = AddressTableCell.xib; sourceTree = "<group>"; };
		76A4027F1D9585EA0052FF46 /* 占位.rtf */ = {isa = PBXFileReference; fileEncoding = 4; lastKnownFileType = text.rtf; path = "占位.rtf"; sourceTree = "<group>"; };
		76A402981D9587040052FF46 /* Info.plist */ = {isa = PBXFileReference; fileEncoding = 4; lastKnownFileType = text.plist.xml; path = Info.plist; sourceTree = "<group>"; };
		76A402991D9587040052FF46 /* MASCompositeConstraint.h */ = {isa = PBXFileReference; fileEncoding = 4; lastKnownFileType = sourcecode.c.h; path = MASCompositeConstraint.h; sourceTree = "<group>"; };
		76A4029A1D9587040052FF46 /* MASCompositeConstraint.m */ = {isa = PBXFileReference; fileEncoding = 4; lastKnownFileType = sourcecode.c.objc; path = MASCompositeConstraint.m; sourceTree = "<group>"; };
		76A4029B1D9587040052FF46 /* MASConstraint+Private.h */ = {isa = PBXFileReference; fileEncoding = 4; lastKnownFileType = sourcecode.c.h; path = "MASConstraint+Private.h"; sourceTree = "<group>"; };
		76A4029C1D9587040052FF46 /* MASConstraint.h */ = {isa = PBXFileReference; fileEncoding = 4; lastKnownFileType = sourcecode.c.h; path = MASConstraint.h; sourceTree = "<group>"; };
		76A4029D1D9587040052FF46 /* MASConstraint.m */ = {isa = PBXFileReference; fileEncoding = 4; lastKnownFileType = sourcecode.c.objc; path = MASConstraint.m; sourceTree = "<group>"; };
		76A4029E1D9587040052FF46 /* MASConstraintMaker.h */ = {isa = PBXFileReference; fileEncoding = 4; lastKnownFileType = sourcecode.c.h; path = MASConstraintMaker.h; sourceTree = "<group>"; };
		76A4029F1D9587040052FF46 /* MASConstraintMaker.m */ = {isa = PBXFileReference; fileEncoding = 4; lastKnownFileType = sourcecode.c.objc; path = MASConstraintMaker.m; sourceTree = "<group>"; };
		76A402A01D9587040052FF46 /* MASLayoutConstraint.h */ = {isa = PBXFileReference; fileEncoding = 4; lastKnownFileType = sourcecode.c.h; path = MASLayoutConstraint.h; sourceTree = "<group>"; };
		76A402A11D9587040052FF46 /* MASLayoutConstraint.m */ = {isa = PBXFileReference; fileEncoding = 4; lastKnownFileType = sourcecode.c.objc; path = MASLayoutConstraint.m; sourceTree = "<group>"; };
		76A402A21D9587040052FF46 /* Masonry.h */ = {isa = PBXFileReference; fileEncoding = 4; lastKnownFileType = sourcecode.c.h; path = Masonry.h; sourceTree = "<group>"; };
		76A402A31D9587040052FF46 /* MASUtilities.h */ = {isa = PBXFileReference; fileEncoding = 4; lastKnownFileType = sourcecode.c.h; path = MASUtilities.h; sourceTree = "<group>"; };
		76A402A41D9587040052FF46 /* MASViewAttribute.h */ = {isa = PBXFileReference; fileEncoding = 4; lastKnownFileType = sourcecode.c.h; path = MASViewAttribute.h; sourceTree = "<group>"; };
		76A402A51D9587040052FF46 /* MASViewAttribute.m */ = {isa = PBXFileReference; fileEncoding = 4; lastKnownFileType = sourcecode.c.objc; path = MASViewAttribute.m; sourceTree = "<group>"; };
		76A402A61D9587040052FF46 /* MASViewConstraint.h */ = {isa = PBXFileReference; fileEncoding = 4; lastKnownFileType = sourcecode.c.h; path = MASViewConstraint.h; sourceTree = "<group>"; };
		76A402A71D9587040052FF46 /* MASViewConstraint.m */ = {isa = PBXFileReference; fileEncoding = 4; lastKnownFileType = sourcecode.c.objc; path = MASViewConstraint.m; sourceTree = "<group>"; };
		76A402A81D9587040052FF46 /* NSArray+MASAdditions.h */ = {isa = PBXFileReference; fileEncoding = 4; lastKnownFileType = sourcecode.c.h; path = "NSArray+MASAdditions.h"; sourceTree = "<group>"; };
		76A402A91D9587040052FF46 /* NSArray+MASAdditions.m */ = {isa = PBXFileReference; fileEncoding = 4; lastKnownFileType = sourcecode.c.objc; path = "NSArray+MASAdditions.m"; sourceTree = "<group>"; };
		76A402AA1D9587040052FF46 /* NSArray+MASShorthandAdditions.h */ = {isa = PBXFileReference; fileEncoding = 4; lastKnownFileType = sourcecode.c.h; path = "NSArray+MASShorthandAdditions.h"; sourceTree = "<group>"; };
		76A402AB1D9587040052FF46 /* NSLayoutConstraint+MASDebugAdditions.h */ = {isa = PBXFileReference; fileEncoding = 4; lastKnownFileType = sourcecode.c.h; path = "NSLayoutConstraint+MASDebugAdditions.h"; sourceTree = "<group>"; };
		76A402AC1D9587040052FF46 /* NSLayoutConstraint+MASDebugAdditions.m */ = {isa = PBXFileReference; fileEncoding = 4; lastKnownFileType = sourcecode.c.objc; path = "NSLayoutConstraint+MASDebugAdditions.m"; sourceTree = "<group>"; };
		76A402AD1D9587040052FF46 /* View+MASAdditions.h */ = {isa = PBXFileReference; fileEncoding = 4; lastKnownFileType = sourcecode.c.h; path = "View+MASAdditions.h"; sourceTree = "<group>"; };
		76A402AE1D9587040052FF46 /* View+MASAdditions.m */ = {isa = PBXFileReference; fileEncoding = 4; lastKnownFileType = sourcecode.c.objc; path = "View+MASAdditions.m"; sourceTree = "<group>"; };
		76A402AF1D9587040052FF46 /* View+MASShorthandAdditions.h */ = {isa = PBXFileReference; fileEncoding = 4; lastKnownFileType = sourcecode.c.h; path = "View+MASShorthandAdditions.h"; sourceTree = "<group>"; };
		76A402B01D9587040052FF46 /* ViewController+MASAdditions.h */ = {isa = PBXFileReference; fileEncoding = 4; lastKnownFileType = sourcecode.c.h; path = "ViewController+MASAdditions.h"; sourceTree = "<group>"; };
		76A402B11D9587040052FF46 /* ViewController+MASAdditions.m */ = {isa = PBXFileReference; fileEncoding = 4; lastKnownFileType = sourcecode.c.objc; path = "ViewController+MASAdditions.m"; sourceTree = "<group>"; };
/* End PBXFileReference section */

/* Begin PBXFrameworksBuildPhase section */
		76A4023A1D957F760052FF46 /* Frameworks */ = {
			isa = PBXFrameworksBuildPhase;
			buildActionMask = 2147483647;
			files = (
			);
			runOnlyForDeploymentPostprocessing = 0;
		};
/* End PBXFrameworksBuildPhase section */

/* Begin PBXGroup section */
		76A402341D957F760052FF46 = {
			isa = PBXGroup;
			children = (
				76A4023F1D957F760052FF46 /* textField-pickerView */,
				76A4023E1D957F760052FF46 /* Products */,
			);
			sourceTree = "<group>";
		};
		76A4023E1D957F760052FF46 /* Products */ = {
			isa = PBXGroup;
			children = (
				76A4023D1D957F760052FF46 /* textField-pickerView.app */,
			);
			name = Products;
			sourceTree = "<group>";
		};
		76A4023F1D957F760052FF46 /* textField-pickerView */ = {
			isa = PBXGroup;
			children = (
				76A402971D9587040052FF46 /* Masonry */,
				76A402571D9585EA0052FF46 /* Address */,
				76A402431D957F760052FF46 /* AppDelegate.h */,
				76A402441D957F760052FF46 /* AppDelegate.m */,
				76A402461D957F760052FF46 /* ViewController.h */,
				76A402471D957F760052FF46 /* ViewController.m */,
				76A4024C1D957F760052FF46 /* Assets.xcassets */,
				76A402511D957F760052FF46 /* Info.plist */,
				76A402401D957F760052FF46 /* Supporting Files */,
			);
			path = "textField-pickerView";
			sourceTree = "<group>";
		};
		76A402401D957F760052FF46 /* Supporting Files */ = {
			isa = PBXGroup;
			children = (
				76A402411D957F760052FF46 /* main.m */,
			);
			name = "Supporting Files";
			sourceTree = "<group>";
		};
		76A402571D9585EA0052FF46 /* Address */ = {
			isa = PBXGroup;
			children = (
				76A402581D9585EA0052FF46 /* Classes */,
				76A4025A1D9585EA0052FF46 /* Controller */,
				76A402661D9585EA0052FF46 /* Model */,
				76A4026A1D9585EA0052FF46 /* Other */,
				76A402731D9585EA0052FF46 /* View */,
			);
			path = Address;
			sourceTree = "<group>";
		};
		76A402581D9585EA0052FF46 /* Classes */ = {
			isa = PBXGroup;
			children = (
				76A402591D9585EA0052FF46 /* 占位.rtf */,
			);
			path = Classes;
			sourceTree = "<group>";
		};
		76A4025A1D9585EA0052FF46 /* Controller */ = {
			isa = PBXGroup;
			children = (
				76A4025B1D9585EA0052FF46 /* AddressAddController.h */,
				76A4025C1D9585EA0052FF46 /* AddressAddController.m */,
				76A4025D1D9585EA0052FF46 /* AddressAddTableController.h */,
				76A4025E1D9585EA0052FF46 /* AddressAddTableController.m */,
				76A4025F1D9585EA0052FF46 /* AddressController.h */,
				76A402601D9585EA0052FF46 /* AddressController.m */,
				76A402611D9585EA0052FF46 /* AddressEditTableController.h */,
				76A402621D9585EA0052FF46 /* AddressEditTableController.m */,
				76A402631D9585EA0052FF46 /* AddressTableController.h */,
				76A402641D9585EA0052FF46 /* AddressTableController.m */,
				76A402651D9585EA0052FF46 /* 占位.rtf */,
			);
			path = Controller;
			sourceTree = "<group>";
		};
		76A402661D9585EA0052FF46 /* Model */ = {
			isa = PBXGroup;
			children = (
				76A402671D9585EA0052FF46 /* AddressTableCellModel.h */,
				76A402681D9585EA0052FF46 /* AddressTableCellModel.m */,
				76A402691D9585EA0052FF46 /* 占位.rtf */,
			);
			path = Model;
			sourceTree = "<group>";
		};
		76A4026A1D9585EA0052FF46 /* Other */ = {
			isa = PBXGroup;
			children = (
				76A4026B1D9585EA0052FF46 /* userAddress.plist */,
				76A4026C1D9585EA0052FF46 /* v2_coupon_verify_normal.imageset */,
				76A4026F1D9585EA0052FF46 /* v2_coupon_verify_selected.imageset */,
				76A402721D9585EA0052FF46 /* 占位.rtf */,
			);
			path = Other;
			sourceTree = "<group>";
		};
		76A4026C1D9585EA0052FF46 /* v2_coupon_verify_normal.imageset */ = {
			isa = PBXGroup;
			children = (
				76A4026D1D9585EA0052FF46 /* Contents.json */,
				76A4026E1D9585EA0052FF46 /* v2_coupon_verify_normal@2x.png */,
			);
			path = v2_coupon_verify_normal.imageset;
			sourceTree = "<group>";
		};
		76A4026F1D9585EA0052FF46 /* v2_coupon_verify_selected.imageset */ = {
			isa = PBXGroup;
			children = (
				76A402701D9585EA0052FF46 /* Contents.json */,
				76A402711D9585EA0052FF46 /* v2_coupon_verify_selected@2x.png */,
			);
			path = v2_coupon_verify_selected.imageset;
			sourceTree = "<group>";
		};
		76A402731D9585EA0052FF46 /* View */ = {
			isa = PBXGroup;
			children = (
				76A402741D9585EA0052FF46 /* AddressEditDeleteTableCell.h */,
				76A402751D9585EA0052FF46 /* AddressEditDeleteTableCell.m */,
				76A402761D9585EA0052FF46 /* AddressEditNormalTableCell.h */,
				76A402771D9585EA0052FF46 /* AddressEditNormalTableCell.m */,
				76A402781D9585EA0052FF46 /* AddressEditNormalTableCell.xib */,
				76A402791D9585EA0052FF46 /* AddressEditSelectTableCell.h */,
				76A4027A1D9585EA0052FF46 /* AddressEditSelectTableCell.m */,
				76A4027B1D9585EA0052FF46 /* AddressEditSelectTableCell.xib */,
				76A4027C1D9585EA0052FF46 /* AddressTableCell.h */,
				76A4027D1D9585EA0052FF46 /* AddressTableCell.m */,
				76A4027E1D9585EA0052FF46 /* AddressTableCell.xib */,
				76A4027F1D9585EA0052FF46 /* 占位.rtf */,
			);
			path = View;
			sourceTree = "<group>";
		};
		76A402971D9587040052FF46 /* Masonry */ = {
			isa = PBXGroup;
			children = (
				76A402981D9587040052FF46 /* Info.plist */,
				76A402991D9587040052FF46 /* MASCompositeConstraint.h */,
				76A4029A1D9587040052FF46 /* MASCompositeConstraint.m */,
				76A4029B1D9587040052FF46 /* MASConstraint+Private.h */,
				76A4029C1D9587040052FF46 /* MASConstraint.h */,
				76A4029D1D9587040052FF46 /* MASConstraint.m */,
				76A4029E1D9587040052FF46 /* MASConstraintMaker.h */,
				76A4029F1D9587040052FF46 /* MASConstraintMaker.m */,
				76A402A01D9587040052FF46 /* MASLayoutConstraint.h */,
				76A402A11D9587040052FF46 /* MASLayoutConstraint.m */,
				76A402A21D9587040052FF46 /* Masonry.h */,
				76A402A31D9587040052FF46 /* MASUtilities.h */,
				76A402A41D9587040052FF46 /* MASViewAttribute.h */,
				76A402A51D9587040052FF46 /* MASViewAttribute.m */,
				76A402A61D9587040052FF46 /* MASViewConstraint.h */,
				76A402A71D9587040052FF46 /* MASViewConstraint.m */,
				76A402A81D9587040052FF46 /* NSArray+MASAdditions.h */,
				76A402A91D9587040052FF46 /* NSArray+MASAdditions.m */,
				76A402AA1D9587040052FF46 /* NSArray+MASShorthandAdditions.h */,
				76A402AB1D9587040052FF46 /* NSLayoutConstraint+MASDebugAdditions.h */,
				76A402AC1D9587040052FF46 /* NSLayoutConstraint+MASDebugAdditions.m */,
				76A402AD1D9587040052FF46 /* View+MASAdditions.h */,
				76A402AE1D9587040052FF46 /* View+MASAdditions.m */,
				76A402AF1D9587040052FF46 /* View+MASShorthandAdditions.h */,
				76A402B01D9587040052FF46 /* ViewController+MASAdditions.h */,
				76A402B11D9587040052FF46 /* ViewController+MASAdditions.m */,
			);
			path = Masonry;
			sourceTree = "<group>";
		};
/* End PBXGroup section */

/* Begin PBXNativeTarget section */
		76A4023C1D957F760052FF46 /* textField-pickerView */ = {
			isa = PBXNativeTarget;
			buildConfigurationList = 76A402541D957F760052FF46 /* Build configuration list for PBXNativeTarget "textField-pickerView" */;
			buildPhases = (
				76A402391D957F760052FF46 /* Sources */,
				76A4023A1D957F760052FF46 /* Frameworks */,
				76A4023B1D957F760052FF46 /* Resources */,
			);
			buildRules = (
			);
			dependencies = (
			);
			name = "textField-pickerView";
			productName = "textField-pickerView";
			productReference = 76A4023D1D957F760052FF46 /* textField-pickerView.app */;
			productType = "com.apple.product-type.application";
		};
/* End PBXNativeTarget section */

/* Begin PBXProject section */
		76A402351D957F760052FF46 /* Project object */ = {
			isa = PBXProject;
			attributes = {
				LastUpgradeCheck = 0800;
				ORGANIZATIONNAME = HSQI;
				TargetAttributes = {
					76A4023C1D957F760052FF46 = {
						CreatedOnToolsVersion = 8.0;
						DevelopmentTeam = E2569ZA4F8;
						ProvisioningStyle = Automatic;
					};
				};
			};
			buildConfigurationList = 76A402381D957F760052FF46 /* Build configuration list for PBXProject "textField-pickerView" */;
			compatibilityVersion = "Xcode 3.2";
			developmentRegion = English;
			hasScannedForEncodings = 0;
			knownRegions = (
				en,
				Base,
			);
			mainGroup = 76A402341D957F760052FF46;
			productRefGroup = 76A4023E1D957F760052FF46 /* Products */;
			projectDirPath = "";
			projectRoot = "";
			targets = (
				76A4023C1D957F760052FF46 /* textField-pickerView */,
			);
		};
/* End PBXProject section */

/* Begin PBXResourcesBuildPhase section */
		76A4023B1D957F760052FF46 /* Resources */ = {
			isa = PBXResourcesBuildPhase;
			buildActionMask = 2147483647;
			files = (
				76A4024D1D957F760052FF46 /* Assets.xcassets in Resources */,
				76A4028D1D9585EA0052FF46 /* v2_coupon_verify_selected@2x.png in Resources */,
				76A402881D9585EA0052FF46 /* 占位.rtf in Resources */,
				76A402801D9585EA0052FF46 /* 占位.rtf in Resources */,
				76A402911D9585EA0052FF46 /* AddressEditNormalTableCell.xib in Resources */,
				76A402961D9585EA0052FF46 /* 占位.rtf in Resources */,
				76A4028C1D9585EA0052FF46 /* Contents.json in Resources */,
				76A4028E1D9585EA0052FF46 /* 占位.rtf in Resources */,
				76A402B21D9587040052FF46 /* Info.plist in Resources */,
				76A402861D9585EA0052FF46 /* 占位.rtf in Resources */,
				76A402891D9585EA0052FF46 /* userAddress.plist in Resources */,
				76A4028B1D9585EA0052FF46 /* v2_coupon_verify_normal@2x.png in Resources */,
				76A402951D9585EA0052FF46 /* AddressTableCell.xib in Resources */,
				76A4028A1D9585EA0052FF46 /* Contents.json in Resources */,
				76A402931D9585EA0052FF46 /* AddressEditSelectTableCell.xib in Resources */,
			);
			runOnlyForDeploymentPostprocessing = 0;
		};
/* End PBXResourcesBuildPhase section */

/* Begin PBXSourcesBuildPhase section */
		76A402391D957F760052FF46 /* Sources */ = {
			isa = PBXSourcesBuildPhase;
			buildActionMask = 2147483647;
			files = (
				76A402811D9585EA0052FF46 /* AddressAddController.m in Sources */,
				76A402481D957F760052FF46 /* ViewController.m in Sources */,
				76A402BA1D9587040052FF46 /* NSLayoutConstraint+MASDebugAdditions.m in Sources */,
				76A4028F1D9585EA0052FF46 /* AddressEditDeleteTableCell.m in Sources */,
				76A402B81D9587040052FF46 /* MASViewConstraint.m in Sources */,
				76A402451D957F760052FF46 /* AppDelegate.m in Sources */,
				76A402BB1D9587040052FF46 /* View+MASAdditions.m in Sources */,
				76A402941D9585EA0052FF46 /* AddressTableCell.m in Sources */,
				76A402B71D9587040052FF46 /* MASViewAttribute.m in Sources */,
				76A402B51D9587040052FF46 /* MASConstraintMaker.m in Sources */,
				76A402821D9585EA0052FF46 /* AddressAddTableController.m in Sources */,
				76A402841D9585EA0052FF46 /* AddressEditTableController.m in Sources */,
				76A402851D9585EA0052FF46 /* AddressTableController.m in Sources */,
				76A402BC1D9587040052FF46 /* ViewController+MASAdditions.m in Sources */,
				76A402921D9585EA0052FF46 /* AddressEditSelectTableCell.m in Sources */,
				76A402B91D9587040052FF46 /* NSArray+MASAdditions.m in Sources */,
				76A402831D9585EA0052FF46 /* AddressController.m in Sources */,
				76A402B61D9587040052FF46 /* MASLayoutConstraint.m in Sources */,
				76A402B31D9587040052FF46 /* MASCompositeConstraint.m in Sources */,
				76A402421D957F760052FF46 /* main.m in Sources */,
				76A402871D9585EA0052FF46 /* AddressTableCellModel.m in Sources */,
				76A402901D9585EA0052FF46 /* AddressEditNormalTableCell.m in Sources */,
				76A402B41D9587040052FF46 /* MASConstraint.m in Sources */,
			);
			runOnlyForDeploymentPostprocessing = 0;
		};
/* End PBXSourcesBuildPhase section */

/* Begin XCBuildConfiguration section */
		76A402521D957F760052FF46 /* Debug */ = {
			isa = XCBuildConfiguration;
			buildSettings = {
				ALWAYS_SEARCH_USER_PATHS = NO;
				CLANG_ANALYZER_NONNULL = YES;
				CLANG_CXX_LANGUAGE_STANDARD = "gnu++0x";
				CLANG_CXX_LIBRARY = "libc++";
				CLANG_ENABLE_MODULES = YES;
				CLANG_ENABLE_OBJC_ARC = YES;
				CLANG_WARN_BOOL_CONVERSION = YES;
				CLANG_WARN_CONSTANT_CONVERSION = YES;
				CLANG_WARN_DIRECT_OBJC_ISA_USAGE = YES_ERROR;
				CLANG_WARN_DOCUMENTATION_COMMENTS = YES;
				CLANG_WARN_EMPTY_BODY = YES;
				CLANG_WARN_ENUM_CONVERSION = YES;
				CLANG_WARN_INFINITE_RECURSION = YES;
				CLANG_WARN_INT_CONVERSION = YES;
				CLANG_WARN_OBJC_ROOT_CLASS = YES_ERROR;
				CLANG_WARN_SUSPICIOUS_MOVES = YES;
				CLANG_WARN_UNREACHABLE_CODE = YES;
				CLANG_WARN__DUPLICATE_METHOD_MATCH = YES;
				"CODE_SIGN_IDENTITY[sdk=iphoneos*]" = "iPhone Developer";
				COPY_PHASE_STRIP = NO;
				DEBUG_INFORMATION_FORMAT = dwarf;
				ENABLE_STRICT_OBJC_MSGSEND = YES;
				ENABLE_TESTABILITY = YES;
				GCC_C_LANGUAGE_STANDARD = gnu99;
				GCC_DYNAMIC_NO_PIC = NO;
				GCC_NO_COMMON_BLOCKS = YES;
				GCC_OPTIMIZATION_LEVEL = 0;
				GCC_PREPROCESSOR_DEFINITIONS = (
					"DEBUG=1",
					"$(inherited)",
				);
				GCC_WARN_64_TO_32_BIT_CONVERSION = YES;
				GCC_WARN_ABOUT_RETURN_TYPE = YES_ERROR;
				GCC_WARN_UNDECLARED_SELECTOR = YES;
				GCC_WARN_UNINITIALIZED_AUTOS = YES_AGGRESSIVE;
				GCC_WARN_UNUSED_FUNCTION = YES;
				GCC_WARN_UNUSED_VARIABLE = YES;
				IPHONEOS_DEPLOYMENT_TARGET = 10.0;
				MTL_ENABLE_DEBUG_INFO = YES;
				ONLY_ACTIVE_ARCH = YES;
				SDKROOT = iphoneos;
			};
			name = Debug;
		};
		76A402531D957F760052FF46 /* Release */ = {
			isa = XCBuildConfiguration;
			buildSettings = {
				ALWAYS_SEARCH_USER_PATHS = NO;
				CLANG_ANALYZER_NONNULL = YES;
				CLANG_CXX_LANGUAGE_STANDARD = "gnu++0x";
				CLANG_CXX_LIBRARY = "libc++";
				CLANG_ENABLE_MODULES = YES;
				CLANG_ENABLE_OBJC_ARC = YES;
				CLANG_WARN_BOOL_CONVERSION = YES;
				CLANG_WARN_CONSTANT_CONVERSION = YES;
				CLANG_WARN_DIRECT_OBJC_ISA_USAGE = YES_ERROR;
				CLANG_WARN_DOCUMENTATION_COMMENTS = YES;
				CLANG_WARN_EMPTY_BODY = YES;
				CLANG_WARN_ENUM_CONVERSION = YES;
				CLANG_WARN_INFINITE_RECURSION = YES;
				CLANG_WARN_INT_CONVERSION = YES;
				CLANG_WARN_OBJC_ROOT_CLASS = YES_ERROR;
				CLANG_WARN_SUSPICIOUS_MOVES = YES;
				CLANG_WARN_UNREACHABLE_CODE = YES;
				CLANG_WARN__DUPLICATE_METHOD_MATCH = YES;
				"CODE_SIGN_IDENTITY[sdk=iphoneos*]" = "iPhone Developer";
				COPY_PHASE_STRIP = NO;
				DEBUG_INFORMATION_FORMAT = "dwarf-with-dsym";
				ENABLE_NS_ASSERTIONS = NO;
				ENABLE_STRICT_OBJC_MSGSEND = YES;
				GCC_C_LANGUAGE_STANDARD = gnu99;
				GCC_NO_COMMON_BLOCKS = YES;
				GCC_WARN_64_TO_32_BIT_CONVERSION = YES;
				GCC_WARN_ABOUT_RETURN_TYPE = YES_ERROR;
				GCC_WARN_UNDECLARED_SELECTOR = YES;
				GCC_WARN_UNINITIALIZED_AUTOS = YES_AGGRESSIVE;
				GCC_WARN_UNUSED_FUNCTION = YES;
				GCC_WARN_UNUSED_VARIABLE = YES;
				IPHONEOS_DEPLOYMENT_TARGET = 10.0;
				MTL_ENABLE_DEBUG_INFO = NO;
				SDKROOT = iphoneos;
				VALIDATE_PRODUCT = YES;
			};
			name = Release;
		};
		76A402551D957F760052FF46 /* Debug */ = {
			isa = XCBuildConfiguration;
			buildSettings = {
				ASSETCATALOG_COMPILER_APPICON_NAME = AppIcon;
				DEVELOPMENT_TEAM = E2569ZA4F8;
				INFOPLIST_FILE = "textField-pickerView/Info.plist";
				LD_RUNPATH_SEARCH_PATHS = "$(inherited) @executable_path/Frameworks";
				PRODUCT_BUNDLE_IDENTIFIER = "com.qfeung.textField-pickerView";
				PRODUCT_NAME = "$(TARGET_NAME)";
			};
			name = Debug;
		};
		76A402561D957F760052FF46 /* Release */ = {
			isa = XCBuildConfiguration;
			buildSettings = {
				ASSETCATALOG_COMPILER_APPICON_NAME = AppIcon;
				DEVELOPMENT_TEAM = E2569ZA4F8;
				INFOPLIST_FILE = "textField-pickerView/Info.plist";
				LD_RUNPATH_SEARCH_PATHS = "$(inherited) @executable_path/Frameworks";
				PRODUCT_BUNDLE_IDENTIFIER = "com.qfeung.textField-pickerView";
				PRODUCT_NAME = "$(TARGET_NAME)";
			};
			name = Release;
		};
/* End XCBuildConfiguration section */

/* Begin XCConfigurationList section */
		76A402381D957F760052FF46 /* Build configuration list for PBXProject "textField-pickerView" */ = {
			isa = XCConfigurationList;
			buildConfigurations = (
				76A402521D957F760052FF46 /* Debug */,
				76A402531D957F760052FF46 /* Release */,
			);
			defaultConfigurationIsVisible = 0;
			defaultConfigurationName = Release;
		};
		76A402541D957F760052FF46 /* Build configuration list for PBXNativeTarget "textField-pickerView" */ = {
			isa = XCConfigurationList;
			buildConfigurations = (
				76A402551D957F760052FF46 /* Debug */,
				76A402561D957F760052FF46 /* Release */,
			);
			defaultConfigurationIsVisible = 0;
			defaultConfigurationName = Release;
		};
/* End XCConfigurationList section */
	};
	rootObject = 76A402351D957F760052FF46 /* Project object */;
}
